
Microsoft Visual Studio Solution File, Format Version 12.00
# Visual Studio Version 16
VisualStudioVersion = 16.0.28803.352
MinimumVisualStudioVersion = 10.0.40219.1
Project("{9A19103F-16F7-4668-BE54-9A1E7A4F7556}") = "T4GenericsExample", "T4GenericsExample.csproj", "{5D8F50D1-640D-4C45-9015-2772C51A7A34}"
EndProject
Global
	GlobalSection(SolutionConfigurationPlatforms) = preSolution
		Debug|Any CPU = Debug|Any CPU
		Release|Any CPU = Release|Any CPU
	EndGlobalSection
	GlobalSection(ProjectConfigurationPlatforms) = postSolution
		{5D8F50D1-640D-4C45-9015-2772C51A7A34}.Debug|Any CPU.ActiveCfg = Debug|Any CPU
		{5D8F50D1-640D-4C45-9015-2772C51A7A34}.Debug|Any CPU.Build.0 = Debug|Any CPU
		{5D8F50D1-640D-4C45-9015-2772C51A7A34}.Release|Any CPU.ActiveCfg = Release|Any CPU
		{5D8F50D1-640D-4C45-9015-2772C51A7A34}.Release|Any CPU.Build.0 = Release|Any CPU
	EndGlobalSection
	GlobalSection(SolutionProperties) = preSolution
		HideSolutionNode = FALSE
	EndGlobalSection
	GlobalSection(ExtensibilityGlobals) = postSolution
		SolutionGuid = {D1119C4E-7999-416D-95F3-0F6D5BC58280}
	EndGlobalSection
EndGlobal
